
Microsoft Visual Studio Solution File, Format Version 12.00
# Visual Studio 14
VisualStudioVersion = 14.0.25123.0
MinimumVisualStudioVersion = 10.0.40219.1
Project("{FAE04EC0-301F-11D3-BF4B-00C04F79EFBC}") = "Data", "Data\Data.csproj", "{FC670969-5B74-4CCA-A490-3F46BC7933D1}"
EndProject
Project("{FAE04EC0-301F-11D3-BF4B-00C04F79EFBC}") = "Data.Classes", "Data.Classes\Data.Classes.csproj", "{6DC88028-F6CA-4C1A-9080-2F0B70D871E4}"
EndProject
Project("{FAE04EC0-301F-11D3-BF4B-00C04F79EFBC}") = "Context", "Context\Context.csproj", "{97C0F16A-BDAC-4000-8A1F-C89A0D8595C9}"
EndProject
Project("{FAE04EC0-301F-11D3-BF4B-00C04F79EFBC}") = "Context.Reference", "Context.Reference\Context.Reference.csproj", "{97DCE1D4-9B0E-470F-BA66-D4FB2080842E}"
EndProject
Project("{FAE04EC0-301F-11D3-BF4B-00C04F79EFBC}") = "Repository.Reference", "Repository.Reference\Repository.Reference.csproj", "{DA6CEBF5-00CB-4655-B76A-DC0E3EBB03A1}"
EndProject
Project("{FAE04EC0-301F-11D3-BF4B-00C04F79EFBC}") = "Service", "Service\Service.csproj", "{3A0D7002-F3A3-4948-8AF2-8B1A5E112691}"
EndProject
Project("{FAE04EC0-301F-11D3-BF4B-00C04F79EFBC}") = "Repository.Sample", "Repository.Sample\Repository.Sample.csproj", "{50ED60AB-5051-4FB1-82E3-728EACCAECA7}"
EndProject
Project("{FAE04EC0-301F-11D3-BF4B-00C04F79EFBC}") = "Context.Sample", "Context.Sample\Context.Sample.csproj", "{BD886D8C-78AE-4274-BC2E-BF82620F528D}"
EndProject
Project("{FAE04EC0-301F-11D3-BF4B-00C04F79EFBC}") = "Service.Classes", "Service.Classes\Service.Classes.csproj", "{64914D1E-0EA0-4B97-A95A-9685F7A50B20}"
EndProject
Project("{FAE04EC0-301F-11D3-BF4B-00C04F79EFBC}") = "Web.API", "Web.API\Web.API.csproj", "{9E02E68B-E655-4F26-9305-C88F1DCC7E2A}"
EndProject
Project("{FAE04EC0-301F-11D3-BF4B-00C04F79EFBC}") = "Web.MVC", "Web.MVC\Web.MVC.csproj", "{C89400FB-3BB0-49E6-8A5C-B91B4E9D177A}"
EndProject
Global
	GlobalSection(SolutionConfigurationPlatforms) = preSolution
		Debug|Any CPU = Debug|Any CPU
		Debug|x64 = Debug|x64
		Debug|x86 = Debug|x86
		Release|Any CPU = Release|Any CPU
		Release|x64 = Release|x64
		Release|x86 = Release|x86
	EndGlobalSection
	GlobalSection(ProjectConfigurationPlatforms) = postSolution
		{FC670969-5B74-4CCA-A490-3F46BC7933D1}.Debug|Any CPU.ActiveCfg = Debug|Any CPU
		{FC670969-5B74-4CCA-A490-3F46BC7933D1}.Debug|Any CPU.Build.0 = Debug|Any CPU
		{FC670969-5B74-4CCA-A490-3F46BC7933D1}.Debug|x64.ActiveCfg = Debug|Any CPU
		{FC670969-5B74-4CCA-A490-3F46BC7933D1}.Debug|x64.Build.0 = Debug|Any CPU
		{FC670969-5B74-4CCA-A490-3F46BC7933D1}.Debug|x86.ActiveCfg = Debug|Any CPU
		{FC670969-5B74-4CCA-A490-3F46BC7933D1}.Debug|x86.Build.0 = Debug|Any CPU
		{FC670969-5B74-4CCA-A490-3F46BC7933D1}.Release|Any CPU.ActiveCfg = Release|Any CPU
		{FC670969-5B74-4CCA-A490-3F46BC7933D1}.Release|Any CPU.Build.0 = Release|Any CPU
		{FC670969-5B74-4CCA-A490-3F46BC7933D1}.Release|x64.ActiveCfg = Release|Any CPU
		{FC670969-5B74-4CCA-A490-3F46BC7933D1}.Release|x64.Build.0 = Release|Any CPU
		{FC670969-5B74-4CCA-A490-3F46BC7933D1}.Release|x86.ActiveCfg = Release|Any CPU
		{FC670969-5B74-4CCA-A490-3F46BC7933D1}.Release|x86.Build.0 = Release|Any CPU
		{6DC88028-F6CA-4C1A-9080-2F0B70D871E4}.Debug|Any CPU.ActiveCfg = Debug|Any CPU
		{6DC88028-F6CA-4C1A-9080-2F0B70D871E4}.Debug|Any CPU.Build.0 = Debug|Any CPU
		{6DC88028-F6CA-4C1A-9080-2F0B70D871E4}.Debug|x64.ActiveCfg = Debug|Any CPU
		{6DC88028-F6CA-4C1A-9080-2F0B70D871E4}.Debug|x64.Build.0 = Debug|Any CPU
		{6DC88028-F6CA-4C1A-9080-2F0B70D871E4}.Debug|x86.ActiveCfg = Debug|Any CPU
		{6DC88028-F6CA-4C1A-9080-2F0B70D871E4}.Debug|x86.Build.0 = Debug|Any CPU
		{6DC88028-F6CA-4C1A-9080-2F0B70D871E4}.Release|Any CPU.ActiveCfg = Release|Any CPU
		{6DC88028-F6CA-4C1A-9080-2F0B70D871E4}.Release|Any CPU.Build.0 = Release|Any CPU
		{6DC88028-F6CA-4C1A-9080-2F0B70D871E4}.Release|x64.ActiveCfg = Release|Any CPU
		{6DC88028-F6CA-4C1A-9080-2F0B70D871E4}.Release|x64.Build.0 = Release|Any CPU
		{6DC88028-F6CA-4C1A-9080-2F0B70D871E4}.Release|x86.ActiveCfg = Release|Any CPU
		{6DC88028-F6CA-4C1A-9080-2F0B70D871E4}.Release|x86.Build.0 = Release|Any CPU
		{97C0F16A-BDAC-4000-8A1F-C89A0D8595C9}.Debug|Any CPU.ActiveCfg = Debug|Any CPU
		{97C0F16A-BDAC-4000-8A1F-C89A0D8595C9}.Debug|Any CPU.Build.0 = Debug|Any CPU
		{97C0F16A-BDAC-4000-8A1F-C89A0D8595C9}.Debug|x64.ActiveCfg = Debug|Any CPU
		{97C0F16A-BDAC-4000-8A1F-C89A0D8595C9}.Debug|x64.Build.0 = Debug|Any CPU
		{97C0F16A-BDAC-4000-8A1F-C89A0D8595C9}.Debug|x86.ActiveCfg = Debug|Any CPU
		{97C0F16A-BDAC-4000-8A1F-C89A0D8595C9}.Debug|x86.Build.0 = Debug|Any CPU
		{97C0F16A-BDAC-4000-8A1F-C89A0D8595C9}.Release|Any CPU.ActiveCfg = Release|Any CPU
		{97C0F16A-BDAC-4000-8A1F-C89A0D8595C9}.Release|Any CPU.Build.0 = Release|Any CPU
		{97C0F16A-BDAC-4000-8A1F-C89A0D8595C9}.Release|x64.ActiveCfg = Release|Any CPU
		{97C0F16A-BDAC-4000-8A1F-C89A0D8595C9}.Release|x64.Build.0 = Release|Any CPU
		{97C0F16A-BDAC-4000-8A1F-C89A0D8595C9}.Release|x86.ActiveCfg = Release|Any CPU
		{97C0F16A-BDAC-4000-8A1F-C89A0D8595C9}.Release|x86.Build.0 = Release|Any CPU
		{97DCE1D4-9B0E-470F-BA66-D4FB2080842E}.Debug|Any CPU.ActiveCfg = Debug|Any CPU
		{97DCE1D4-9B0E-470F-BA66-D4FB2080842E}.Debug|Any CPU.Build.0 = Debug|Any CPU
		{97DCE1D4-9B0E-470F-BA66-D4FB2080842E}.Debug|x64.ActiveCfg = Debug|Any CPU
		{97DCE1D4-9B0E-470F-BA66-D4FB2080842E}.Debug|x64.Build.0 = Debug|Any CPU
		{97DCE1D4-9B0E-470F-BA66-D4FB2080842E}.Debug|x86.ActiveCfg = Debug|Any CPU
		{97DCE1D4-9B0E-470F-BA66-D4FB2080842E}.Debug|x86.Build.0 = Debug|Any CPU
		{97DCE1D4-9B0E-470F-BA66-D4FB2080842E}.Release|Any CPU.ActiveCfg = Release|Any CPU
		{97DCE1D4-9B0E-470F-BA66-D4FB2080842E}.Release|Any CPU.Build.0 = Release|Any CPU
		{97DCE1D4-9B0E-470F-BA66-D4FB2080842E}.Release|x64.ActiveCfg = Release|Any CPU
		{97DCE1D4-9B0E-470F-BA66-D4FB2080842E}.Release|x64.Build.0 = Release|Any CPU
		{97DCE1D4-9B0E-470F-BA66-D4FB2080842E}.Release|x86.ActiveCfg = Release|Any CPU
		{97DCE1D4-9B0E-470F-BA66-D4FB2080842E}.Release|x86.Build.0 = Release|Any CPU
		{DA6CEBF5-00CB-4655-B76A-DC0E3EBB03A1}.Debug|Any CPU.ActiveCfg = Debug|Any CPU
		{DA6CEBF5-00CB-4655-B76A-DC0E3EBB03A1}.Debug|Any CPU.Build.0 = Debug|Any CPU
		{DA6CEBF5-00CB-4655-B76A-DC0E3EBB03A1}.Debug|x64.ActiveCfg = Debug|Any CPU
		{DA6CEBF5-00CB-4655-B76A-DC0E3EBB03A1}.Debug|x64.Build.0 = Debug|Any CPU
		{DA6CEBF5-00CB-4655-B76A-DC0E3EBB03A1}.Debug|x86.ActiveCfg = Debug|Any CPU
		{DA6CEBF5-00CB-4655-B76A-DC0E3EBB03A1}.Debug|x86.Build.0 = Debug|Any CPU
		{DA6CEBF5-00CB-4655-B76A-DC0E3EBB03A1}.Release|Any CPU.ActiveCfg = Release|Any CPU
		{DA6CEBF5-00CB-4655-B76A-DC0E3EBB03A1}.Release|Any CPU.Build.0 = Release|Any CPU
		{DA6CEBF5-00CB-4655-B76A-DC0E3EBB03A1}.Release|x64.ActiveCfg = Release|Any CPU
		{DA6CEBF5-00CB-4655-B76A-DC0E3EBB03A1}.Release|x64.Build.0 = Release|Any CPU
		{DA6CEBF5-00CB-4655-B76A-DC0E3EBB03A1}.Release|x86.ActiveCfg = Release|Any CPU
		{DA6CEBF5-00CB-4655-B76A-DC0E3EBB03A1}.Release|x86.Build.0 = Release|Any CPU
		{3A0D7002-F3A3-4948-8AF2-8B1A5E112691}.Debug|Any CPU.ActiveCfg = Debug|Any CPU
		{3A0D7002-F3A3-4948-8AF2-8B1A5E112691}.Debug|Any CPU.Build.0 = Debug|Any CPU
		{3A0D7002-F3A3-4948-8AF2-8B1A5E112691}.Debug|x64.ActiveCfg = Debug|Any CPU
		{3A0D7002-F3A3-4948-8AF2-8B1A5E112691}.Debug|x64.Build.0 = Debug|Any CPU
		{3A0D7002-F3A3-4948-8AF2-8B1A5E112691}.Debug|x86.ActiveCfg = Debug|Any CPU
		{3A0D7002-F3A3-4948-8AF2-8B1A5E112691}.Debug|x86.Build.0 = Debug|Any CPU
		{3A0D7002-F3A3-4948-8AF2-8B1A5E112691}.Release|Any CPU.ActiveCfg = Release|Any CPU
		{3A0D7002-F3A3-4948-8AF2-8B1A5E112691}.Release|Any CPU.Build.0 = Release|Any CPU
		{3A0D7002-F3A3-4948-8AF2-8B1A5E112691}.Release|x64.ActiveCfg = Release|Any CPU
		{3A0D7002-F3A3-4948-8AF2-8B1A5E112691}.Release|x64.Build.0 = Release|Any CPU
		{3A0D7002-F3A3-4948-8AF2-8B1A5E112691}.Release|x86.ActiveCfg = Release|Any CPU
		{3A0D7002-F3A3-4948-8AF2-8B1A5E112691}.Release|x86.Build.0 = Release|Any CPU
		{50ED60AB-5051-4FB1-82E3-728EACCAECA7}.Debug|Any CPU.ActiveCfg = Debug|Any CPU
		{50ED60AB-5051-4FB1-82E3-728EACCAECA7}.Debug|Any CPU.Build.0 = Debug|Any CPU
		{50ED60AB-5051-4FB1-82E3-728EACCAECA7}.Debug|x64.ActiveCfg = Debug|Any CPU
		{50ED60AB-5051-4FB1-82E3-728EACCAECA7}.Debug|x64.Build.0 = Debug|Any CPU
		{50ED60AB-5051-4FB1-82E3-728EACCAECA7}.Debug|x86.ActiveCfg = Debug|Any CPU
		{50ED60AB-5051-4FB1-82E3-728EACCAECA7}.Debug|x86.Build.0 = Debug|Any CPU
		{50ED60AB-5051-4FB1-82E3-728EACCAECA7}.Release|Any CPU.ActiveCfg = Release|Any CPU
		{50ED60AB-5051-4FB1-82E3-728EACCAECA7}.Release|Any CPU.Build.0 = Release|Any CPU
		{50ED60AB-5051-4FB1-82E3-728EACCAECA7}.Release|x64.ActiveCfg = Release|Any CPU
		{50ED60AB-5051-4FB1-82E3-728EACCAECA7}.Release|x64.Build.0 = Release|Any CPU
		{50ED60AB-5051-4FB1-82E3-728EACCAECA7}.Release|x86.ActiveCfg = Release|Any CPU
		{50ED60AB-5051-4FB1-82E3-728EACCAECA7}.Release|x86.Build.0 = Release|Any CPU
		{BD886D8C-78AE-4274-BC2E-BF82620F528D}.Debug|Any CPU.ActiveCfg = Debug|Any CPU
		{BD886D8C-78AE-4274-BC2E-BF82620F528D}.Debug|Any CPU.Build.0 = Debug|Any CPU
		{BD886D8C-78AE-4274-BC2E-BF82620F528D}.Debug|x64.ActiveCfg = Debug|Any CPU
		{BD886D8C-78AE-4274-BC2E-BF82620F528D}.Debug|x64.Build.0 = Debug|Any CPU
		{BD886D8C-78AE-4274-BC2E-BF82620F528D}.Debug|x86.ActiveCfg = Debug|Any CPU
		{BD886D8C-78AE-4274-BC2E-BF82620F528D}.Debug|x86.Build.0 = Debug|Any CPU
		{BD886D8C-78AE-4274-BC2E-BF82620F528D}.Release|Any CPU.ActiveCfg = Release|Any CPU
		{BD886D8C-78AE-4274-BC2E-BF82620F528D}.Release|Any CPU.Build.0 = Release|Any CPU
		{BD886D8C-78AE-4274-BC2E-BF82620F528D}.Release|x64.ActiveCfg = Release|Any CPU
		{BD886D8C-78AE-4274-BC2E-BF82620F528D}.Release|x64.Build.0 = Release|Any CPU
		{BD886D8C-78AE-4274-BC2E-BF82620F528D}.Release|x86.ActiveCfg = Release|Any CPU
		{BD886D8C-78AE-4274-BC2E-BF82620F528D}.Release|x86.Build.0 = Release|Any CPU
		{64914D1E-0EA0-4B97-A95A-9685F7A50B20}.Debug|Any CPU.ActiveCfg = Debug|Any CPU
		{64914D1E-0EA0-4B97-A95A-9685F7A50B20}.Debug|Any CPU.Build.0 = Debug|Any CPU
		{64914D1E-0EA0-4B97-A95A-9685F7A50B20}.Debug|x64.ActiveCfg = Debug|Any CPU
		{64914D1E-0EA0-4B97-A95A-9685F7A50B20}.Debug|x64.Build.0 = Debug|Any CPU
		{64914D1E-0EA0-4B97-A95A-9685F7A50B20}.Debug|x86.ActiveCfg = Debug|Any CPU
		{64914D1E-0EA0-4B97-A95A-9685F7A50B20}.Debug|x86.Build.0 = Debug|Any CPU
		{64914D1E-0EA0-4B97-A95A-9685F7A50B20}.Release|Any CPU.ActiveCfg = Release|Any CPU
		{64914D1E-0EA0-4B97-A95A-9685F7A50B20}.Release|Any CPU.Build.0 = Release|Any CPU
		{64914D1E-0EA0-4B97-A95A-9685F7A50B20}.Release|x64.ActiveCfg = Release|Any CPU
		{64914D1E-0EA0-4B97-A95A-9685F7A50B20}.Release|x64.Build.0 = Release|Any CPU
		{64914D1E-0EA0-4B97-A95A-9685F7A50B20}.Release|x86.ActiveCfg = Release|Any CPU
		{64914D1E-0EA0-4B97-A95A-9685F7A50B20}.Release|x86.Build.0 = Release|Any CPU
		{9E02E68B-E655-4F26-9305-C88F1DCC7E2A}.Debug|Any CPU.ActiveCfg = Debug|Any CPU
		{9E02E68B-E655-4F26-9305-C88F1DCC7E2A}.Debug|Any CPU.Build.0 = Debug|Any CPU
		{9E02E68B-E655-4F26-9305-C88F1DCC7E2A}.Debug|x64.ActiveCfg = Debug|Any CPU
		{9E02E68B-E655-4F26-9305-C88F1DCC7E2A}.Debug|x64.Build.0 = Debug|Any CPU
		{9E02E68B-E655-4F26-9305-C88F1DCC7E2A}.Debug|x86.ActiveCfg = Debug|Any CPU
		{9E02E68B-E655-4F26-9305-C88F1DCC7E2A}.Debug|x86.Build.0 = Debug|Any CPU
		{9E02E68B-E655-4F26-9305-C88F1DCC7E2A}.Release|Any CPU.ActiveCfg = Release|Any CPU
		{9E02E68B-E655-4F26-9305-C88F1DCC7E2A}.Release|Any CPU.Build.0 = Release|Any CPU
		{9E02E68B-E655-4F26-9305-C88F1DCC7E2A}.Release|x64.ActiveCfg = Release|Any CPU
		{9E02E68B-E655-4F26-9305-C88F1DCC7E2A}.Release|x64.Build.0 = Release|Any CPU
		{9E02E68B-E655-4F26-9305-C88F1DCC7E2A}.Release|x86.ActiveCfg = Release|Any CPU
		{9E02E68B-E655-4F26-9305-C88F1DCC7E2A}.Release|x86.Build.0 = Release|Any CPU
		{C89400FB-3BB0-49E6-8A5C-B91B4E9D177A}.Debug|Any CPU.ActiveCfg = Debug|Any CPU
		{C89400FB-3BB0-49E6-8A5C-B91B4E9D177A}.Debug|Any CPU.Build.0 = Debug|Any CPU
		{C89400FB-3BB0-49E6-8A5C-B91B4E9D177A}.Debug|x64.ActiveCfg = Debug|Any CPU
		{C89400FB-3BB0-49E6-8A5C-B91B4E9D177A}.Debug|x64.Build.0 = Debug|Any CPU
		{C89400FB-3BB0-49E6-8A5C-B91B4E9D177A}.Debug|x86.ActiveCfg = Debug|Any CPU
		{C89400FB-3BB0-49E6-8A5C-B91B4E9D177A}.Debug|x86.Build.0 = Debug|Any CPU
		{C89400FB-3BB0-49E6-8A5C-B91B4E9D177A}.Release|Any CPU.ActiveCfg = Release|Any CPU
		{C89400FB-3BB0-49E6-8A5C-B91B4E9D177A}.Release|Any CPU.Build.0 = Release|Any CPU
		{C89400FB-3BB0-49E6-8A5C-B91B4E9D177A}.Release|x64.ActiveCfg = Release|Any CPU
		{C89400FB-3BB0-49E6-8A5C-B91B4E9D177A}.Release|x64.Build.0 = Release|Any CPU
		{C89400FB-3BB0-49E6-8A5C-B91B4E9D177A}.Release|x86.ActiveCfg = Release|Any CPU
		{C89400FB-3BB0-49E6-8A5C-B91B4E9D177A}.Release|x86.Build.0 = Release|Any CPU
	EndGlobalSection
	GlobalSection(SolutionProperties) = preSolution
		HideSolutionNode = FALSE
	EndGlobalSection
EndGlobal
